zgo.at/zli v0.0.0-20200602050209-b466f6d917da h1:k01vY2nFxwW0AKnmbJIbJ+SDSv4XoJtSdBA+VH+7HUo=
zgo.at/zli v0.0.0-20200602050209-b466f6d917da/go.mod h1:HLAc12TjNGT+VRXr76JnsNE3pbooQtwKWhX+RlDjQ2Y=
zgo.at/zstd v0.0.0-20200602040707-aaf6806a6bf5 h1:pP0ZXWWkzwPZkWs6/L07XPB3AL4ny3w7CsMeqCDr+4s=
zgo.at/zstd v0.0.0-20200602040707-aaf6806a6bf5/go.mod h1:wSF/3tBbAJVo+RYk5CTMmSN2xxyy4C+qTb5fN4WP9iA=
zgo.at/ztest v0.0.0-20200316134318-cfad86d80b41/go.mod h1:xGKONSdBgBNBcHRbi+yY9xFSre7ip8gRsQBS9QW/J2I=
