golang.org/x/sys v0.0.0-20201119102817-f84b799fce68/go.mod h1:h1NjWce9XRLGQEsW7wpKNCjG9DtNlClVuFLEZdDNbEs=
golang.org/x/sys v0.0.0-20211019181941-9d821ace8654 h1:id054HUawV2/6IGm2IV8KZQjqtwAOo2CYlOToYqa0d0=
golang.org/x/sys v0.0.0-20211019181941-9d821ace8654/go.mod h1:oPkhp1MJrh7nUepCBck5+mAzfO9JrbApNNgaTdGDITg=
golang.org/x/term v0.0.0-20210317153231-de623e64d2a6 h1:EC6+IGYTjPpRfv9a2b/6Puw0W+hLtAhkV1tPsXhutqs=
golang.org/x/term v0.0.0-20210317153231-de623e64d2a6/go.mod h1:bj7SfCRtBDWHUb9snDiAeCFNEtKQo2Wmx5Cou7ajbmo=
zgo.at/zli v0.0.0-20220403205001-4b79e9073ba8 h1:XrHSedKZ2q12qdYURJ9goSWwJP2NjpIZ97p9UqAysS0=
zgo.at/zli v0.0.0-20220403205001-4b79e9073ba8/go.mod h1:pWkBHZ5qoEmvSDbFYdQMAKaRMEuAtdUKb21k/OOYOJw=
zgo.at/zstd v0.0.0-20211017205211-017273d7d29c h1:Tn/vQ0YyXVbf6RWMuUQdHLNo0WWxbfHjIXlQb7x2xwQ=
zgo.at/zstd v0.0.0-20211017205211-017273d7d29c/go.mod h1:sQqrTxBwKW0nlwcOg9RxXB8ikY+NBciJnJRPOq/gEuY=
